
Microsoft Visual Studio Solution File, Format Version 12.00
# Visual Studio Version 17
VisualStudioVersion = 17.8.34330.188
MinimumVisualStudioVersion = 10.0.40219.1
Project("{FAE04EC0-301F-11D3-BF4B-00C04F79EFBC}") = "LeBuiVanNhat_506220216", "LeBuiVanNhat_506220216.csproj", "{B120046B-A3B8-4CA0-99AD-296226876EC8}"
EndProject
Global
	GlobalSection(SolutionConfigurationPlatforms) = preSolution
		Debug|Any CPU = Debug|Any CPU
		Release|Any CPU = Release|Any CPU
	EndGlobalSection
	GlobalSection(ProjectConfigurationPlatforms) = postSolution
		{B120046B-A3B8-4CA0-99AD-296226876EC8}.Debug|Any CPU.ActiveCfg = Debug|Any CPU
		{B120046B-A3B8-4CA0-99AD-296226876EC8}.Debug|Any CPU.Build.0 = Debug|Any CPU
		{B120046B-A3B8-4CA0-99AD-296226876EC8}.Release|Any CPU.ActiveCfg = Release|Any CPU
		{B120046B-A3B8-4CA0-99AD-296226876EC8}.Release|Any CPU.Build.0 = Release|Any CPU
	EndGlobalSection
	GlobalSection(SolutionProperties) = preSolution
		HideSolutionNode = FALSE
	EndGlobalSection
	GlobalSection(ExtensibilityGlobals) = postSolution
		SolutionGuid = {1E9D5B6C-AE2D-4188-B5E6-566677217D67}
	EndGlobalSection
EndGlobal
